
Microsoft Visual Studio Solution File, Format Version 12.00
# Visual Studio 14
VisualStudioVersion = 14.0.24720.0
MinimumVisualStudioVersion = 10.0.40219.1
Project("{FAE04EC0-301F-11D3-BF4B-00C04F79EFBC}") = "LibraProgramming.VisualStudio.XamlStyler", "LibraProgramming.VisualStudio.XamlStyler\LibraProgramming.VisualStudio.XamlStyler.csproj", "{046A101D-8860-4EA9-A19A-9D9DABDD7409}"
EndProject
Project("{FAE04EC0-301F-11D3-BF4B-00C04F79EFBC}") = "LibraProgramming.Xaml.Parsing", "LibraProgramming.Xaml.Parsing\LibraProgramming.Xaml.Parsing.csproj", "{72E5858E-8BA3-4734-876F-66A35AE58017}"
EndProject
Project("{FAE04EC0-301F-11D3-BF4B-00C04F79EFBC}") = "UnitTests", "UnitTests\UnitTests.csproj", "{01DD016B-31EF-4E8E-A285-DDF85543E61B}"
EndProject
Global
	GlobalSection(SolutionConfigurationPlatforms) = preSolution
		Debug|Any CPU = Debug|Any CPU
		Release|Any CPU = Release|Any CPU
	EndGlobalSection
	GlobalSection(ProjectConfigurationPlatforms) = postSolution
		{046A101D-8860-4EA9-A19A-9D9DABDD7409}.Debug|Any CPU.ActiveCfg = Debug|Any CPU
		{046A101D-8860-4EA9-A19A-9D9DABDD7409}.Debug|Any CPU.Build.0 = Debug|Any CPU
		{046A101D-8860-4EA9-A19A-9D9DABDD7409}.Release|Any CPU.ActiveCfg = Release|Any CPU
		{046A101D-8860-4EA9-A19A-9D9DABDD7409}.Release|Any CPU.Build.0 = Release|Any CPU
		{72E5858E-8BA3-4734-876F-66A35AE58017}.Debug|Any CPU.ActiveCfg = Debug|Any CPU
		{72E5858E-8BA3-4734-876F-66A35AE58017}.Debug|Any CPU.Build.0 = Debug|Any CPU
		{72E5858E-8BA3-4734-876F-66A35AE58017}.Release|Any CPU.ActiveCfg = Release|Any CPU
		{72E5858E-8BA3-4734-876F-66A35AE58017}.Release|Any CPU.Build.0 = Release|Any CPU
		{01DD016B-31EF-4E8E-A285-DDF85543E61B}.Debug|Any CPU.ActiveCfg = Debug|Any CPU
		{01DD016B-31EF-4E8E-A285-DDF85543E61B}.Debug|Any CPU.Build.0 = Debug|Any CPU
		{01DD016B-31EF-4E8E-A285-DDF85543E61B}.Release|Any CPU.ActiveCfg = Release|Any CPU
		{01DD016B-31EF-4E8E-A285-DDF85543E61B}.Release|Any CPU.Build.0 = Release|Any CPU
	EndGlobalSection
	GlobalSection(SolutionProperties) = preSolution
		HideSolutionNode = FALSE
	EndGlobalSection
EndGlobal
